// !$*UTF8*$!
{
	archiveVersion = 1;
	classes = {
	};
	objectVersion = 46;
	objects = {

/* Begin PBXBuildFile section */
		E23AD8641C739A8C00A4504D /* BatchViewController.swift in Sources */ = {isa = PBXBuildFile; fileRef = E23AD8631C739A8C00A4504D /* BatchViewController.swift */; };
		E23AD8661C73A80100A4504D /* Job.swift in Sources */ = {isa = PBXBuildFile; fileRef = E23AD8651C73A80100A4504D /* Job.swift */; };
		E23AD8681C73B38E00A4504D /* NSAnimatedImageView.swift in Sources */ = {isa = PBXBuildFile; fileRef = E23AD8671C73B38E00A4504D /* NSAnimatedImageView.swift */; };
		E23AD86A1C7506F300A4504D /* CellTextField.swift in Sources */ = {isa = PBXBuildFile; fileRef = E23AD8691C7506F300A4504D /* CellTextField.swift */; };
		E23AD86C1C750B9600A4504D /* CellPopUpButton.swift in Sources */ = {isa = PBXBuildFile; fileRef = E23AD86B1C750B9600A4504D /* CellPopUpButton.swift */; };
		E23AD86E1C75211600A4504D /* SummaryBuilder.swift in Sources */ = {isa = PBXBuildFile; fileRef = E23AD86D1C75211500A4504D /* SummaryBuilder.swift */; };
		E23AD8701C7616D500A4504D /* model-header.txt in Resources */ = {isa = PBXBuildFile; fileRef = E23AD86F1C7616D500A4504D /* model-header.txt */; };
		E251E2F31C7F5DA9005D4EC0 /* Transfer_calculatorTests.swift in Sources */ = {isa = PBXBuildFile; fileRef = E251E2F21C7F5DA9005D4EC0 /* Transfer_calculatorTests.swift */; };
		E251E2FA1C7F60AE005D4EC0 /* ATC.swift in Sources */ = {isa = PBXBuildFile; fileRef = E2880BDE1C404D07000177B9 /* ATC.swift */; };
		E27E69481C76467900C4A84F /* CSVEngine.swift in Sources */ = {isa = PBXBuildFile; fileRef = E27E69471C76467900C4A84F /* CSVEngine.swift */; };
		E2880BD01C404CED000177B9 /* AppDelegate.swift in Sources */ = {isa = PBXBuildFile; fileRef = E2880BCF1C404CED000177B9 /* AppDelegate.swift */; };
		E2880BD21C404CED000177B9 /* ViewController.swift in Sources */ = {isa = PBXBuildFile; fileRef = E2880BD11C404CED000177B9 /* ViewController.swift */; };
		E2880BD41C404CED000177B9 /* Assets.xcassets in Resources */ = {isa = PBXBuildFile; fileRef = E2880BD31C404CED000177B9 /* Assets.xcassets */; };
		E2880BD71C404CED000177B9 /* Main.storyboard in Resources */ = {isa = PBXBuildFile; fileRef = E2880BD51C404CED000177B9 /* Main.storyboard */; };
		E2880BDF1C404D07000177B9 /* ATC.swift in Sources */ = {isa = PBXBuildFile; fileRef = E2880BDE1C404D07000177B9 /* ATC.swift */; };
		E29120451C4113E100FB8DD7 /* ParticleView.swift in Sources */ = {isa = PBXBuildFile; fileRef = E29120441C4113E100FB8DD7 /* ParticleView.swift */; };
/* End PBXBuildFile section */

/* Begin PBXContainerItemProxy section */
		E251E2F51C7F5DA9005D4EC0 /* PBXContainerItemProxy */ = {
			isa = PBXContainerItemProxy;
			containerPortal = E2880BC41C404CEC000177B9 /* Project object */;
			proxyType = 1;
			remoteGlobalIDString = E2880BCB1C404CED000177B9;
			remoteInfo = "Transfer calculator";
		};
/* End PBXContainerItemProxy section */

/* Begin PBXFileReference section */
		E23AD8631C739A8C00A4504D /* BatchViewController.swift */ = {isa = PBXFileReference; fileEncoding = 4; lastKnownFileType = sourcecode.swift; path = BatchViewController.swift; sourceTree = "<group>"; };
		E23AD8651C73A80100A4504D /* Job.swift */ = {isa = PBXFileReference; fileEncoding = 4; lastKnownFileType = sourcecode.swift; path = Job.swift; sourceTree = "<group>"; };
		E23AD8671C73B38E00A4504D /* NSAnimatedImageView.swift */ = {isa = PBXFileReference; fileEncoding = 4; lastKnownFileType = sourcecode.swift; path = NSAnimatedImageView.swift; sourceTree = "<group>"; };
		E23AD8691C7506F300A4504D /* CellTextField.swift */ = {isa = PBXFileReference; fileEncoding = 4; lastKnownFileType = sourcecode.swift; path = CellTextField.swift; sourceTree = "<group>"; };
		E23AD86B1C750B9600A4504D /* CellPopUpButton.swift */ = {isa = PBXFileReference; fileEncoding = 4; lastKnownFileType = sourcecode.swift; path = CellPopUpButton.swift; sourceTree = "<group>"; };
		E23AD86D1C75211500A4504D /* SummaryBuilder.swift */ = {isa = PBXFileReference; fileEncoding = 4; lastKnownFileType = sourcecode.swift; path = SummaryBuilder.swift; sourceTree = "<group>"; };
		E23AD86F1C7616D500A4504D /* model-header.txt */ = {isa = PBXFileReference; fileEncoding = 4; lastKnownFileType = text; path = "model-header.txt"; sourceTree = "<group>"; };
		E251E2E81C7F5D49005D4EC0 /* LICENCE.md */ = {isa = PBXFileReference; fileEncoding = 4; lastKnownFileType = net.daringfireball.markdown; path = LICENCE.md; sourceTree = "<group>"; };
		E251E2E91C7F5D49005D4EC0 /* README.md */ = {isa = PBXFileReference; fileEncoding = 4; lastKnownFileType = net.daringfireball.markdown; path = README.md; sourceTree = "<group>"; };
		E251E2F01C7F5DA9005D4EC0 /* Transfer calculatorTests.xctest */ = {isa = PBXFileReference; explicitFileType = wrapper.cfbundle; includeInIndex = 0; path = "Transfer calculatorTests.xctest"; sourceTree = BUILT_PRODUCTS_DIR; };
		E251E2F21C7F5DA9005D4EC0 /* Transfer_calculatorTests.swift */ = {isa = PBXFileReference; lastKnownFileType = sourcecode.swift; path = Transfer_calculatorTests.swift; sourceTree = "<group>"; };
		E251E2F41C7F5DA9005D4EC0 /* Info.plist */ = {isa = PBXFileReference; lastKnownFileType = text.plist.xml; path = Info.plist; sourceTree = "<group>"; };
		E27E69471C76467900C4A84F /* CSVEngine.swift */ = {isa = PBXFileReference; fileEncoding = 4; lastKnownFileType = sourcecode.swift; path = CSVEngine.swift; sourceTree = "<group>"; };
		E2880BCC1C404CED000177B9 /* Transfer calculator.app */ = {isa = PBXFileReference; explicitFileType = wrapper.application; includeInIndex = 0; path = "Transfer calculator.app"; sourceTree = BUILT_PRODUCTS_DIR; };
		E2880BCF1C404CED000177B9 /* AppDelegate.swift */ = {isa = PBXFileReference; lastKnownFileType = sourcecode.swift; path = AppDelegate.swift; sourceTree = "<group>"; };
		E2880BD11C404CED000177B9 /* ViewController.swift */ = {isa = PBXFileReference; lastKnownFileType = sourcecode.swift; path = ViewController.swift; sourceTree = "<group>"; };
		E2880BD31C404CED000177B9 /* Assets.xcassets */ = {isa = PBXFileReference; lastKnownFileType = folder.assetcatalog; path = Assets.xcassets; sourceTree = "<group>"; };
		E2880BD61C404CED000177B9 /* Base */ = {isa = PBXFileReference; lastKnownFileType = file.storyboard; name = Base; path = Base.lproj/Main.storyboard; sourceTree = "<group>"; };
		E2880BD81C404CED000177B9 /* Info.plist */ = {isa = PBXFileReference; lastKnownFileType = text.plist.xml; path = Info.plist; sourceTree = "<group>"; };
		E2880BDE1C404D07000177B9 /* ATC.swift */ = {isa = PBXFileReference; fileEncoding = 4; lastKnownFileType = sourcecode.swift; path = ATC.swift; sourceTree = "<group>"; };
		E29120441C4113E100FB8DD7 /* ParticleView.swift */ = {isa = PBXFileReference; fileEncoding = 4; lastKnownFileType = sourcecode.swift; path = ParticleView.swift; sourceTree = "<group>"; };
/* End PBXFileReference section */

/* Begin PBXFrameworksBuildPhase section */
		E251E2ED1C7F5DA9005D4EC0 /* Frameworks */ = {
			isa = PBXFrameworksBuildPhase;
			buildActionMask = 2147483647;
			files = (
			);
			runOnlyForDeploymentPostprocessing = 0;
		};
		E2880BC91C404CED000177B9 /* Frameworks */ = {
			isa = PBXFrameworksBuildPhase;
			buildActionMask = 2147483647;
			files = (
			);
			runOnlyForDeploymentPostprocessing = 0;
		};
/* End PBXFrameworksBuildPhase section */

/* Begin PBXGroup section */
		E23AD8711C7616EC00A4504D /* Custom UI Elements */ = {
			isa = PBXGroup;
			children = (
				E23AD8671C73B38E00A4504D /* NSAnimatedImageView.swift */,
				E23AD8691C7506F300A4504D /* CellTextField.swift */,
				E23AD86B1C750B9600A4504D /* CellPopUpButton.swift */,
			);
			name = "Custom UI Elements";
			sourceTree = "<group>";
		};
		E251E2F11C7F5DA9005D4EC0 /* Transfer calculatorTests */ = {
			isa = PBXGroup;
			children = (
				E251E2F21C7F5DA9005D4EC0 /* Transfer_calculatorTests.swift */,
				E251E2F41C7F5DA9005D4EC0 /* Info.plist */,
			);
			path = "Transfer calculatorTests";
			sourceTree = "<group>";
		};
		E2880BC31C404CEC000177B9 = {
			isa = PBXGroup;
			children = (
				E251E2E81C7F5D49005D4EC0 /* LICENCE.md */,
				E251E2E91C7F5D49005D4EC0 /* README.md */,
				E2880BCE1C404CED000177B9 /* Transfer calculator */,
				E251E2F11C7F5DA9005D4EC0 /* Transfer calculatorTests */,
				E2880BCD1C404CED000177B9 /* Products */,
			);
			sourceTree = "<group>";
		};
		E2880BCD1C404CED000177B9 /* Products */ = {
			isa = PBXGroup;
			children = (
				E2880BCC1C404CED000177B9 /* Transfer calculator.app */,
				E251E2F01C7F5DA9005D4EC0 /* Transfer calculatorTests.xctest */,
			);
			name = Products;
			sourceTree = "<group>";
		};
		E2880BCE1C404CED000177B9 /* Transfer calculator */ = {
			isa = PBXGroup;
			children = (
				E2880BCF1C404CED000177B9 /* AppDelegate.swift */,
				E2880BD11C404CED000177B9 /* ViewController.swift */,
				E23AD8631C739A8C00A4504D /* BatchViewController.swift */,
				E29120441C4113E100FB8DD7 /* ParticleView.swift */,
				E23AD86D1C75211500A4504D /* SummaryBuilder.swift */,
				E2880BDE1C404D07000177B9 /* ATC.swift */,
				E23AD8651C73A80100A4504D /* Job.swift */,
				E27E69471C76467900C4A84F /* CSVEngine.swift */,
				E2880BD51C404CED000177B9 /* Main.storyboard */,
				E2880BD31C404CED000177B9 /* Assets.xcassets */,
				E23AD8711C7616EC00A4504D /* Custom UI Elements */,
				E23AD86F1C7616D500A4504D /* model-header.txt */,
				E2880BD81C404CED000177B9 /* Info.plist */,
			);
			path = "Transfer calculator";
			sourceTree = "<group>";
		};
/* End PBXGroup section */

/* Begin PBXNativeTarget section */
		E251E2EF1C7F5DA9005D4EC0 /* Transfer calculatorTests */ = {
			isa = PBXNativeTarget;
			buildConfigurationList = E251E2F71C7F5DA9005D4EC0 /* Build configuration list for PBXNativeTarget "Transfer calculatorTests" */;
			buildPhases = (
				E251E2EC1C7F5DA9005D4EC0 /* Sources */,
				E251E2ED1C7F5DA9005D4EC0 /* Frameworks */,
				E251E2EE1C7F5DA9005D4EC0 /* Resources */,
			);
			buildRules = (
			);
			dependencies = (
				E251E2F61C7F5DA9005D4EC0 /* PBXTargetDependency */,
			);
			name = "Transfer calculatorTests";
			productName = "Transfer calculatorTests";
			productReference = E251E2F01C7F5DA9005D4EC0 /* Transfer calculatorTests.xctest */;
			productType = "com.apple.product-type.bundle.unit-test";
		};
		E2880BCB1C404CED000177B9 /* Transfer calculator */ = {
			isa = PBXNativeTarget;
			buildConfigurationList = E2880BDB1C404CED000177B9 /* Build configuration list for PBXNativeTarget "Transfer calculator" */;
			buildPhases = (
				E2880BC81C404CED000177B9 /* Sources */,
				E2880BC91C404CED000177B9 /* Frameworks */,
				E2880BCA1C404CED000177B9 /* Resources */,
			);
			buildRules = (
			);
			dependencies = (
			);
			name = "Transfer calculator";
			productName = "Transfer calculator";
			productReference = E2880BCC1C404CED000177B9 /* Transfer calculator.app */;
			productType = "com.apple.product-type.application";
		};
/* End PBXNativeTarget section */

/* Begin PBXProject section */
		E2880BC41C404CEC000177B9 /* Project object */ = {
			isa = PBXProject;
			attributes = {
				LastSwiftUpdateCheck = 0720;
				LastUpgradeCheck = 0830;
				ORGANIZATIONNAME = "Thomas Brichart";
				TargetAttributes = {
					E251E2EF1C7F5DA9005D4EC0 = {
						CreatedOnToolsVersion = 7.2.1;
						LastSwiftMigration = 0830;
						TestTargetID = E2880BCB1C404CED000177B9;
					};
					E2880BCB1C404CED000177B9 = {
						CreatedOnToolsVersion = 7.2;
						DevelopmentTeam = 2X7V934S42;
						LastSwiftMigration = 0830;
					};
				};
			};
			buildConfigurationList = E2880BC71C404CEC000177B9 /* Build configuration list for PBXProject "Transfer calculator" */;
			compatibilityVersion = "Xcode 3.2";
			developmentRegion = English;
			hasScannedForEncodings = 0;
			knownRegions = (
				en,
				Base,
			);
			mainGroup = E2880BC31C404CEC000177B9;
			productRefGroup = E2880BCD1C404CED000177B9 /* Products */;
			projectDirPath = "";
			projectRoot = "";
			targets = (
				E2880BCB1C404CED000177B9 /* Transfer calculator */,
				E251E2EF1C7F5DA9005D4EC0 /* Transfer calculatorTests */,
			);
		};
/* End PBXProject section */

/* Begin PBXResourcesBuildPhase section */
		E251E2EE1C7F5DA9005D4EC0 /* Resources */ = {
			isa = PBXResourcesBuildPhase;
			buildActionMask = 2147483647;
			files = (
			);
			runOnlyForDeploymentPostprocessing = 0;
		};
		E2880BCA1C404CED000177B9 /* Resources */ = {
			isa = PBXResourcesBuildPhase;
			buildActionMask = 2147483647;
			files = (
				E2880BD41C404CED000177B9 /* Assets.xcassets in Resources */,
				E2880BD71C404CED000177B9 /* Main.storyboard in Resources */,
				E23AD8701C7616D500A4504D /* model-header.txt in Resources */,
			);
			runOnlyForDeploymentPostprocessing = 0;
		};
/* End PBXResourcesBuildPhase section */

/* Begin PBXSourcesBuildPhase section */
		E251E2EC1C7F5DA9005D4EC0 /* Sources */ = {
			isa = PBXSourcesBuildPhase;
			buildActionMask = 2147483647;
			files = (
				E251E2FA1C7F60AE005D4EC0 /* ATC.swift in Sources */,
				E251E2F31C7F5DA9005D4EC0 /* Transfer_calculatorTests.swift in Sources */,
			);
			runOnlyForDeploymentPostprocessing = 0;
		};
		E2880BC81C404CED000177B9 /* Sources */ = {
			isa = PBXSourcesBuildPhase;
			buildActionMask = 2147483647;
			files = (
				E23AD8641C739A8C00A4504D /* BatchViewController.swift in Sources */,
				E23AD8661C73A80100A4504D /* Job.swift in Sources */,
				E23AD86E1C75211600A4504D /* SummaryBuilder.swift in Sources */,
				E27E69481C76467900C4A84F /* CSVEngine.swift in Sources */,
				E2880BDF1C404D07000177B9 /* ATC.swift in Sources */,
				E2880BD21C404CED000177B9 /* ViewController.swift in Sources */,
				E23AD86C1C750B9600A4504D /* CellPopUpButton.swift in Sources */,
				E29120451C4113E100FB8DD7 /* ParticleView.swift in Sources */,
				E2880BD01C404CED000177B9 /* AppDelegate.swift in Sources */,
				E23AD8681C73B38E00A4504D /* NSAnimatedImageView.swift in Sources */,
				E23AD86A1C7506F300A4504D /* CellTextField.swift in Sources */,
			);
			runOnlyForDeploymentPostprocessing = 0;
		};
/* End PBXSourcesBuildPhase section */

/* Begin PBXTargetDependency section */
		E251E2F61C7F5DA9005D4EC0 /* PBXTargetDependency */ = {
			isa = PBXTargetDependency;
			target = E2880BCB1C404CED000177B9 /* Transfer calculator */;
			targetProxy = E251E2F51C7F5DA9005D4EC0 /* PBXContainerItemProxy */;
		};
/* End PBXTargetDependency section */

/* Begin PBXVariantGroup section */
		E2880BD51C404CED000177B9 /* Main.storyboard */ = {
			isa = PBXVariantGroup;
			children = (
				E2880BD61C404CED000177B9 /* Base */,
			);
			name = Main.storyboard;
			sourceTree = "<group>";
		};
/* End PBXVariantGroup section */

/* Begin XCBuildConfiguration section */
		E251E2F81C7F5DA9005D4EC0 /* Debug */ = {
			isa = XCBuildConfiguration;
			buildSettings = {
				BUNDLE_LOADER = "$(TEST_HOST)";
				COMBINE_HIDPI_IMAGES = YES;
				INFOPLIST_FILE = "Transfer calculatorTests/Info.plist";
				LD_RUNPATH_SEARCH_PATHS = "$(inherited) @executable_path/../Frameworks @loader_path/../Frameworks";
				PRODUCT_BUNDLE_IDENTIFIER = "thetruetom.Transfer-calculatorTests";
				PRODUCT_NAME = "$(TARGET_NAME)";
				SWIFT_VERSION = 3.0;
				TEST_HOST = "$(BUILT_PRODUCTS_DIR)/Transfer calculator.app/Contents/MacOS/Transfer calculator";
			};
			name = Debug;
		};
		E251E2F91C7F5DA9005D4EC0 /* Release */ = {
			isa = XCBuildConfiguration;
			buildSettings = {
				BUNDLE_LOADER = "$(TEST_HOST)";
				COMBINE_HIDPI_IMAGES = YES;
				INFOPLIST_FILE = "Transfer calculatorTests/Info.plist";
				LD_RUNPATH_SEARCH_PATHS = "$(inherited) @executable_path/../Frameworks @loader_path/../Frameworks";
				PRODUCT_BUNDLE_IDENTIFIER = "thetruetom.Transfer-calculatorTests";
				PRODUCT_NAME = "$(TARGET_NAME)";
				SWIFT_VERSION = 3.0;
				TEST_HOST = "$(BUILT_PRODUCTS_DIR)/Transfer calculator.app/Contents/MacOS/Transfer calculator";
			};
			name = Release;
		};
		E2880BD91C404CED000177B9 /* Debug */ = {
			isa = XCBuildConfiguration;
			buildSettings = {
				ALWAYS_SEARCH_USER_PATHS = NO;
				CLANG_CXX_LANGUAGE_STANDARD = "gnu++0x";
				CLANG_CXX_LIBRARY = "libc++";
				CLANG_ENABLE_MODULES = YES;
				CLANG_ENABLE_OBJC_ARC = YES;
				CLANG_WARN_BOOL_CONVERSION = YES;
				CLANG_WARN_CONSTANT_CONVERSION = YES;
				CLANG_WARN_DIRECT_OBJC_ISA_USAGE = YES_ERROR;
				CLANG_WARN_EMPTY_BODY = YES;
				CLANG_WARN_ENUM_CONVERSION = YES;
				CLANG_WARN_INFINITE_RECURSION = YES;
				CLANG_WARN_INT_CONVERSION = YES;
				CLANG_WARN_OBJC_ROOT_CLASS = YES_ERROR;
				CLANG_WARN_SUSPICIOUS_MOVE = YES;
				CLANG_WARN_UNREACHABLE_CODE = YES;
				CLANG_WARN__DUPLICATE_METHOD_MATCH = YES;
				CODE_SIGN_IDENTITY = "Mac Developer";
				COPY_PHASE_STRIP = NO;
				DEBUG_INFORMATION_FORMAT = dwarf;
				ENABLE_STRICT_OBJC_MSGSEND = YES;
				ENABLE_TESTABILITY = YES;
				GCC_C_LANGUAGE_STANDARD = gnu99;
				GCC_DYNAMIC_NO_PIC = NO;
				GCC_NO_COMMON_BLOCKS = YES;
				GCC_OPTIMIZATION_LEVEL = 0;
				GCC_PREPROCESSOR_DEFINITIONS = (
					"DEBUG=1",
					"$(inherited)",
				);
				GCC_WARN_64_TO_32_BIT_CONVERSION = YES;
				GCC_WARN_ABOUT_RETURN_TYPE = YES_ERROR;
				GCC_WARN_UNDECLARED_SELECTOR = YES;
				GCC_WARN_UNINITIALIZED_AUTOS = YES_AGGRESSIVE;
				GCC_WARN_UNUSED_FUNCTION = YES;
				GCC_WARN_UNUSED_VARIABLE = YES;
				MACOSX_DEPLOYMENT_TARGET = 10.11;
				MTL_ENABLE_DEBUG_INFO = YES;
				ONLY_ACTIVE_ARCH = YES;
				SDKROOT = macosx;
				SWIFT_OPTIMIZATION_LEVEL = "-Onone";
			};
			name = Debug;
		};
		E2880BDA1C404CED000177B9 /* Release */ = {
			isa = XCBuildConfiguration;
			buildSettings = {
				ALWAYS_SEARCH_USER_PATHS = NO;
				CLANG_CXX_LANGUAGE_STANDARD = "gnu++0x";
				CLANG_CXX_LIBRARY = "libc++";
				CLANG_ENABLE_MODULES = YES;
				CLANG_ENABLE_OBJC_ARC = YES;
				CLANG_WARN_BOOL_CONVERSION = YES;
				CLANG_WARN_CONSTANT_CONVERSION = YES;
				CLANG_WARN_DIRECT_OBJC_ISA_USAGE = YES_ERROR;
				CLANG_WARN_EMPTY_BODY = YES;
				CLANG_WARN_ENUM_CONVERSION = YES;
				CLANG_WARN_INFINITE_RECURSION = YES;
				CLANG_WARN_INT_CONVERSION = YES;
				CLANG_WARN_OBJC_ROOT_CLASS = YES_ERROR;
				CLANG_WARN_SUSPICIOUS_MOVE = YES;
				CLANG_WARN_UNREACHABLE_CODE = YES;
				CLANG_WARN__DUPLICATE_METHOD_MATCH = YES;
				CODE_SIGN_IDENTITY = "Mac Developer";
				COPY_PHASE_STRIP = NO;
				DEBUG_INFORMATION_FORMAT = "dwarf-with-dsym";
				ENABLE_NS_ASSERTIONS = NO;
				ENABLE_STRICT_OBJC_MSGSEND = YES;
				GCC_C_LANGUAGE_STANDARD = gnu99;
				GCC_NO_COMMON_BLOCKS = YES;
				GCC_OPTIMIZATION_LEVEL = s;
				GCC_WARN_64_TO_32_BIT_CONVERSION = YES;
				GCC_WARN_ABOUT_RETURN_TYPE = YES_ERROR;
				GCC_WARN_UNDECLARED_SELECTOR = YES;
				GCC_WARN_UNINITIALIZED_AUTOS = YES_AGGRESSIVE;
				GCC_WARN_UNUSED_FUNCTION = YES;
				GCC_WARN_UNUSED_VARIABLE = YES;
				MACOSX_DEPLOYMENT_TARGET = 10.11;
				MTL_ENABLE_DEBUG_INFO = NO;
				SDKROOT = macosx;
				SWIFT_OPTIMIZATION_LEVEL = "-Owholemodule";
			};
			name = Release;
		};
		E2880BDC1C404CED000177B9 /* Debug */ = {
			isa = XCBuildConfiguration;
			buildSettings = {
				ASSETCATALOG_COMPILER_APPICON_NAME = AppIcon;
				CLANG_ENABLE_MODULES = YES;
				CODE_SIGN_IDENTITY = "Mac Developer";
				COMBINE_HIDPI_IMAGES = YES;
				INFOPLIST_FILE = "Transfer calculator/Info.plist";
				LD_RUNPATH_SEARCH_PATHS = "$(inherited) @executable_path/../Frameworks";
				PRODUCT_BUNDLE_IDENTIFIER = "thetruetom.Transfer-calculator";
				PRODUCT_NAME = "$(TARGET_NAME)";
				SWIFT_OPTIMIZATION_LEVEL = "-Onone";
				SWIFT_VERSION = 3.0;
			};
			name = Debug;
		};
		E2880BDD1C404CED000177B9 /* Release */ = {
			isa = XCBuildConfiguration;
			buildSettings = {
				ASSETCATALOG_COMPILER_APPICON_NAME = AppIcon;
				CLANG_ENABLE_MODULES = YES;
				CODE_SIGN_IDENTITY = "Mac Developer";
				COMBINE_HIDPI_IMAGES = YES;
				INFOPLIST_FILE = "Transfer calculator/Info.plist";
				LD_RUNPATH_SEARCH_PATHS = "$(inherited) @executable_path/../Frameworks";
				PRODUCT_BUNDLE_IDENTIFIER = "thetruetom.Transfer-calculator";
				PRODUCT_NAME = "$(TARGET_NAME)";
				SWIFT_VERSION = 3.0;
			};
			name = Release;
		};
/* End XCBuildConfiguration section */

/* Begin XCConfigurationList section */
		E251E2F71C7F5DA9005D4EC0 /* Build configuration list for PBXNativeTarget "Transfer calculatorTests" */ = {
			isa = XCConfigurationList;
			buildConfigurations = (
				E251E2F81C7F5DA9005D4EC0 /* Debug */,
				E251E2F91C7F5DA9005D4EC0 /* Release */,
			);
			defaultConfigurationIsVisible = 0;
			defaultConfigurationName = Release;
		};
		E2880BC71C404CEC000177B9 /* Build configuration list for PBXProject "Transfer calculator" */ = {
			isa = XCConfigurationList;
			buildConfigurations = (
				E2880BD91C404CED000177B9 /* Debug */,
				E2880BDA1C404CED000177B9 /* Release */,
			);
			defaultConfigurationIsVisible = 0;
			defaultConfigurationName = Release;
		};
		E2880BDB1C404CED000177B9 /* Build configuration list for PBXNativeTarget "Transfer calculator" */ = {
			isa = XCConfigurationList;
			buildConfigurations = (
				E2880BDC1C404CED000177B9 /* Debug */,
				E2880BDD1C404CED000177B9 /* Release */,
			);
			defaultConfigurationIsVisible = 0;
			defaultConfigurationName = Release;
		};
/* End XCConfigurationList section */
	};
	rootObject = E2880BC41C404CEC000177B9 /* Project object */;
}
